
Microsoft Visual Studio Solution File, Format Version 12.00
# Visual Studio 15
VisualStudioVersion = 15.0.27130.2036
MinimumVisualStudioVersion = 10.0.40219.1
Project("{2150E333-8FDC-42A3-9474-1A3956D46DE8}") = "Tests", "Tests", "{B5346760-BC11-41AA-AADE-4356FB411FD4}"
EndProject
Project("{9A19103F-16F7-4668-BE54-9A1E7A4F7556}") = "ByteDev.Common", "ByteDev.Common\ByteDev.Common.csproj", "{B6A178C6-03F9-4722-B1A1-A771A27FF430}"
EndProject
Project("{9A19103F-16F7-4668-BE54-9A1E7A4F7556}") = "ByteDev.Common.UnitTests", "ByteDev.Common.UnitTests\ByteDev.Common.UnitTests.csproj", "{F4541025-C905-4966-9F23-72A109DB1A18}"
EndProject
Project("{2150E333-8FDC-42A3-9474-1A3956D46DE8}") = "Docs", "Docs", "{9F45D8A0-942B-4E53-A356-6E4FF6295F13}"
	ProjectSection(SolutionItems) = preProject
		..\README.md = ..\README.md
		..\RELEASE-NOTES.md = ..\RELEASE-NOTES.md
	EndProjectSection
EndProject
Project("{2150E333-8FDC-42A3-9474-1A3956D46DE8}") = "Build", "Build", "{7153D74C-1247-46B1-A311-D29E123D2316}"
	ProjectSection(SolutionItems) = preProject
		..\build\build.cake = ..\build\build.cake
		..\build\ByteDev.Common.cake = ..\build\ByteDev.Common.cake
		ByteDev.Common.nuspec = ByteDev.Common.nuspec
	EndProjectSection
EndProject
Global
	GlobalSection(SolutionConfigurationPlatforms) = preSolution
		Debug|Any CPU = Debug|Any CPU
		Release|Any CPU = Release|Any CPU
	EndGlobalSection
	GlobalSection(ProjectConfigurationPlatforms) = postSolution
		{B6A178C6-03F9-4722-B1A1-A771A27FF430}.Debug|Any CPU.ActiveCfg = Debug|Any CPU
		{B6A178C6-03F9-4722-B1A1-A771A27FF430}.Debug|Any CPU.Build.0 = Debug|Any CPU
		{B6A178C6-03F9-4722-B1A1-A771A27FF430}.Release|Any CPU.ActiveCfg = Release|Any CPU
		{B6A178C6-03F9-4722-B1A1-A771A27FF430}.Release|Any CPU.Build.0 = Release|Any CPU
		{F4541025-C905-4966-9F23-72A109DB1A18}.Debug|Any CPU.ActiveCfg = Debug|Any CPU
		{F4541025-C905-4966-9F23-72A109DB1A18}.Debug|Any CPU.Build.0 = Debug|Any CPU
		{F4541025-C905-4966-9F23-72A109DB1A18}.Release|Any CPU.ActiveCfg = Release|Any CPU
		{F4541025-C905-4966-9F23-72A109DB1A18}.Release|Any CPU.Build.0 = Release|Any CPU
	EndGlobalSection
	GlobalSection(SolutionProperties) = preSolution
		HideSolutionNode = FALSE
	EndGlobalSection
	GlobalSection(NestedProjects) = preSolution
		{F4541025-C905-4966-9F23-72A109DB1A18} = {B5346760-BC11-41AA-AADE-4356FB411FD4}
	EndGlobalSection
	GlobalSection(ExtensibilityGlobals) = postSolution
		SolutionGuid = {4213F9CD-2115-4972-B370-D9791CE23FEA}
	EndGlobalSection
EndGlobal
